// !$*UTF8*$!
{
	archiveVersion = 1;
	classes = {
	};
	objectVersion = 52;
	objects = {

/* Begin PBXBuildFile section */
		43583839263B05EE0011EFDF /* StringUtilities in Frameworks */ = {isa = PBXBuildFile; productRef = 43583838263B05EE0011EFDF /* StringUtilities */; };
		4383F52A2641DB6600F221C8 /* ParsedData.swift in Sources */ = {isa = PBXBuildFile; fileRef = 4383F5292641DB6600F221C8 /* ParsedData.swift */; };
		4383F52C264324A300F221C8 /* DataForest.swift in Sources */ = {isa = PBXBuildFile; fileRef = 4383F52B264324A300F221C8 /* DataForest.swift */; };
		4383F52E2644866A00F221C8 /* Ancestry.swift in Sources */ = {isa = PBXBuildFile; fileRef = 4383F52D2644866A00F221C8 /* Ancestry.swift */; };
		4383F530264D80BA00F221C8 /* Reporter.swift in Sources */ = {isa = PBXBuildFile; fileRef = 4383F52F264D80BA00F221C8 /* Reporter.swift */; };
		43F37AA92639FD0B00C0AFFF /* main.swift in Sources */ = {isa = PBXBuildFile; fileRef = 43F37AA82639FD0B00C0AFFF /* main.swift */; };
		43F37AB22639FD7C00C0AFFF /* TextFileUtilities in Frameworks */ = {isa = PBXBuildFile; productRef = 43F37AB12639FD7C00C0AFFF /* TextFileUtilities */; };
/* End PBXBuildFile section */

/* Begin PBXCopyFilesBuildPhase section */
		43F37AA32639FD0B00C0AFFF /* CopyFiles */ = {
			isa = PBXCopyFilesBuildPhase;
			buildActionMask = 2147483647;
			dstPath = /usr/share/man/man1/;
			dstSubfolderSpec = 0;
			files = (
			);
			runOnlyForDeploymentPostprocessing = 1;
		};
/* End PBXCopyFilesBuildPhase section */

/* Begin PBXFileReference section */
		43187D102652F26900D01E04 /* README.md */ = {isa = PBXFileReference; lastKnownFileType = net.daringfireball.markdown; path = README.md; sourceTree = "<group>"; };
		4383F5292641DB6600F221C8 /* ParsedData.swift */ = {isa = PBXFileReference; lastKnownFileType = sourcecode.swift; path = ParsedData.swift; sourceTree = "<group>"; };
		4383F52B264324A300F221C8 /* DataForest.swift */ = {isa = PBXFileReference; lastKnownFileType = sourcecode.swift; path = DataForest.swift; sourceTree = "<group>"; };
		4383F52D2644866A00F221C8 /* Ancestry.swift */ = {isa = PBXFileReference; lastKnownFileType = sourcecode.swift; path = Ancestry.swift; sourceTree = "<group>"; };
		4383F52F264D80BA00F221C8 /* Reporter.swift */ = {isa = PBXFileReference; lastKnownFileType = sourcecode.swift; path = Reporter.swift; sourceTree = "<group>"; };
		43F37AA52639FD0B00C0AFFF /* readgedcom */ = {isa = PBXFileReference; explicitFileType = "compiled.mach-o.executable"; includeInIndex = 0; path = readgedcom; sourceTree = BUILT_PRODUCTS_DIR; };
		43F37AA82639FD0B00C0AFFF /* main.swift */ = {isa = PBXFileReference; lastKnownFileType = sourcecode.swift; name = main.swift; path = readgedcom/main.swift; sourceTree = SOURCE_ROOT; };
/* End PBXFileReference section */

/* Begin PBXFrameworksBuildPhase section */
		43F37AA22639FD0B00C0AFFF /* Frameworks */ = {
			isa = PBXFrameworksBuildPhase;
			buildActionMask = 2147483647;
			files = (
				43583839263B05EE0011EFDF /* StringUtilities in Frameworks */,
				43F37AB22639FD7C00C0AFFF /* TextFileUtilities in Frameworks */,
			);
			runOnlyForDeploymentPostprocessing = 0;
		};
/* End PBXFrameworksBuildPhase section */

/* Begin PBXGroup section */
		43F37A9C2639FD0B00C0AFFF = {
			isa = PBXGroup;
			children = (
				43187D102652F26900D01E04 /* README.md */,
				43F37AA72639FD0B00C0AFFF /* readgedcom */,
				43F37AA62639FD0B00C0AFFF /* Products */,
			);
			sourceTree = "<group>";
		};
		43F37AA62639FD0B00C0AFFF /* Products */ = {
			isa = PBXGroup;
			children = (
				43F37AA52639FD0B00C0AFFF /* readgedcom */,
			);
			name = Products;
			sourceTree = "<group>";
		};
		43F37AA72639FD0B00C0AFFF /* readgedcom */ = {
			isa = PBXGroup;
			children = (
				43F37AA82639FD0B00C0AFFF /* main.swift */,
				4383F52B264324A300F221C8 /* DataForest.swift */,
				4383F5292641DB6600F221C8 /* ParsedData.swift */,
				4383F52D2644866A00F221C8 /* Ancestry.swift */,
				4383F52F264D80BA00F221C8 /* Reporter.swift */,
			);
			path = readgedcom;
			sourceTree = "<group>";
		};
/* End PBXGroup section */

/* Begin PBXNativeTarget section */
		43F37AA42639FD0B00C0AFFF /* readgedcom */ = {
			isa = PBXNativeTarget;
			buildConfigurationList = 43F37AAC2639FD0B00C0AFFF /* Build configuration list for PBXNativeTarget "readgedcom" */;
			buildPhases = (
				43F37AA12639FD0B00C0AFFF /* Sources */,
				43F37AA22639FD0B00C0AFFF /* Frameworks */,
				43F37AA32639FD0B00C0AFFF /* CopyFiles */,
			);
			buildRules = (
			);
			dependencies = (
			);
			name = readgedcom;
			packageProductDependencies = (
				43F37AB12639FD7C00C0AFFF /* TextFileUtilities */,
				43583838263B05EE0011EFDF /* StringUtilities */,
			);
			productName = readgedcom;
			productReference = 43F37AA52639FD0B00C0AFFF /* readgedcom */;
			productType = "com.apple.product-type.tool";
		};
/* End PBXNativeTarget section */

/* Begin PBXProject section */
		43F37A9D2639FD0B00C0AFFF /* Project object */ = {
			isa = PBXProject;
			attributes = {
				LastSwiftUpdateCheck = 1240;
				LastUpgradeCheck = 1250;
				TargetAttributes = {
					43F37AA42639FD0B00C0AFFF = {
						CreatedOnToolsVersion = 12.4;
					};
				};
			};
			buildConfigurationList = 43F37AA02639FD0B00C0AFFF /* Build configuration list for PBXProject "readgedcom" */;
			compatibilityVersion = "Xcode 9.3";
			developmentRegion = en;
			hasScannedForEncodings = 0;
			knownRegions = (
				en,
				Base,
			);
			mainGroup = 43F37A9C2639FD0B00C0AFFF;
			packageReferences = (
				43F37AB02639FD7C00C0AFFF /* XCRemoteSwiftPackageReference "TextFileUtilities" */,
				43583837263B05EE0011EFDF /* XCRemoteSwiftPackageReference "StringUtilities" */,
			);
			productRefGroup = 43F37AA62639FD0B00C0AFFF /* Products */;
			projectDirPath = "";
			projectRoot = "";
			targets = (
				43F37AA42639FD0B00C0AFFF /* readgedcom */,
			);
		};
/* End PBXProject section */

/* Begin PBXSourcesBuildPhase section */
		43F37AA12639FD0B00C0AFFF /* Sources */ = {
			isa = PBXSourcesBuildPhase;
			buildActionMask = 2147483647;
			files = (
				4383F52C264324A300F221C8 /* DataForest.swift in Sources */,
				4383F530264D80BA00F221C8 /* Reporter.swift in Sources */,
				43F37AA92639FD0B00C0AFFF /* main.swift in Sources */,
				4383F52E2644866A00F221C8 /* Ancestry.swift in Sources */,
				4383F52A2641DB6600F221C8 /* ParsedData.swift in Sources */,
			);
			runOnlyForDeploymentPostprocessing = 0;
		};
/* End PBXSourcesBuildPhase section */

/* Begin XCBuildConfiguration section */
		43F37AAA2639FD0B00C0AFFF /* Debug */ = {
			isa = XCBuildConfiguration;
			buildSettings = {
				ALWAYS_SEARCH_USER_PATHS = NO;
				CLANG_ANALYZER_NONNULL = YES;
				CLANG_ANALYZER_NUMBER_OBJECT_CONVERSION = YES_AGGRESSIVE;
				CLANG_CXX_LANGUAGE_STANDARD = "gnu++14";
				CLANG_CXX_LIBRARY = "libc++";
				CLANG_ENABLE_MODULES = YES;
				CLANG_ENABLE_OBJC_ARC = YES;
				CLANG_ENABLE_OBJC_WEAK = YES;
				CLANG_WARN_BLOCK_CAPTURE_AUTORELEASING = YES;
				CLANG_WARN_BOOL_CONVERSION = YES;
				CLANG_WARN_COMMA = YES;
				CLANG_WARN_CONSTANT_CONVERSION = YES;
				CLANG_WARN_DEPRECATED_OBJC_IMPLEMENTATIONS = YES;
				CLANG_WARN_DIRECT_OBJC_ISA_USAGE = YES_ERROR;
				CLANG_WARN_DOCUMENTATION_COMMENTS = YES;
				CLANG_WARN_EMPTY_BODY = YES;
				CLANG_WARN_ENUM_CONVERSION = YES;
				CLANG_WARN_INFINITE_RECURSION = YES;
				CLANG_WARN_INT_CONVERSION = YES;
				CLANG_WARN_NON_LITERAL_NULL_CONVERSION = YES;
				CLANG_WARN_OBJC_IMPLICIT_RETAIN_SELF = YES;
				CLANG_WARN_OBJC_LITERAL_CONVERSION = YES;
				CLANG_WARN_OBJC_ROOT_CLASS = YES_ERROR;
				CLANG_WARN_QUOTED_INCLUDE_IN_FRAMEWORK_HEADER = YES;
				CLANG_WARN_RANGE_LOOP_ANALYSIS = YES;
				CLANG_WARN_STRICT_PROTOTYPES = YES;
				CLANG_WARN_SUSPICIOUS_MOVE = YES;
				CLANG_WARN_UNGUARDED_AVAILABILITY = YES_AGGRESSIVE;
				CLANG_WARN_UNREACHABLE_CODE = YES;
				CLANG_WARN__DUPLICATE_METHOD_MATCH = YES;
				COPY_PHASE_STRIP = NO;
				DEBUG_INFORMATION_FORMAT = dwarf;
				ENABLE_STRICT_OBJC_MSGSEND = YES;
				ENABLE_TESTABILITY = YES;
				GCC_C_LANGUAGE_STANDARD = gnu11;
				GCC_DYNAMIC_NO_PIC = NO;
				GCC_NO_COMMON_BLOCKS = YES;
				GCC_OPTIMIZATION_LEVEL = 0;
				GCC_PREPROCESSOR_DEFINITIONS = (
					"DEBUG=1",
					"$(inherited)",
				);
				GCC_WARN_64_TO_32_BIT_CONVERSION = YES;
				GCC_WARN_ABOUT_RETURN_TYPE = YES_ERROR;
				GCC_WARN_UNDECLARED_SELECTOR = YES;
				GCC_WARN_UNINITIALIZED_AUTOS = YES_AGGRESSIVE;
				GCC_WARN_UNUSED_FUNCTION = YES;
				GCC_WARN_UNUSED_VARIABLE = YES;
				MACOSX_DEPLOYMENT_TARGET = 10.15;
				MTL_ENABLE_DEBUG_INFO = INCLUDE_SOURCE;
				MTL_FAST_MATH = YES;
				ONLY_ACTIVE_ARCH = YES;
				SDKROOT = macosx;
				SWIFT_ACTIVE_COMPILATION_CONDITIONS = DEBUG;
				SWIFT_OPTIMIZATION_LEVEL = "-Onone";
			};
			name = Debug;
		};
		43F37AAB2639FD0B00C0AFFF /* Release */ = {
			isa = XCBuildConfiguration;
			buildSettings = {
				ALWAYS_SEARCH_USER_PATHS = NO;
				CLANG_ANALYZER_NONNULL = YES;
				CLANG_ANALYZER_NUMBER_OBJECT_CONVERSION = YES_AGGRESSIVE;
				CLANG_CXX_LANGUAGE_STANDARD = "gnu++14";
				CLANG_CXX_LIBRARY = "libc++";
				CLANG_ENABLE_MODULES = YES;
				CLANG_ENABLE_OBJC_ARC = YES;
				CLANG_ENABLE_OBJC_WEAK = YES;
				CLANG_WARN_BLOCK_CAPTURE_AUTORELEASING = YES;
				CLANG_WARN_BOOL_CONVERSION = YES;
				CLANG_WARN_COMMA = YES;
				CLANG_WARN_CONSTANT_CONVERSION = YES;
				CLANG_WARN_DEPRECATED_OBJC_IMPLEMENTATIONS = YES;
				CLANG_WARN_DIRECT_OBJC_ISA_USAGE = YES_ERROR;
				CLANG_WARN_DOCUMENTATION_COMMENTS = YES;
				CLANG_WARN_EMPTY_BODY = YES;
				CLANG_WARN_ENUM_CONVERSION = YES;
				CLANG_WARN_INFINITE_RECURSION = YES;
				CLANG_WARN_INT_CONVERSION = YES;
				CLANG_WARN_NON_LITERAL_NULL_CONVERSION = YES;
				CLANG_WARN_OBJC_IMPLICIT_RETAIN_SELF = YES;
				CLANG_WARN_OBJC_LITERAL_CONVERSION = YES;
				CLANG_WARN_OBJC_ROOT_CLASS = YES_ERROR;
				CLANG_WARN_QUOTED_INCLUDE_IN_FRAMEWORK_HEADER = YES;
				CLANG_WARN_RANGE_LOOP_ANALYSIS = YES;
				CLANG_WARN_STRICT_PROTOTYPES = YES;
				CLANG_WARN_SUSPICIOUS_MOVE = YES;
				CLANG_WARN_UNGUARDED_AVAILABILITY = YES_AGGRESSIVE;
				CLANG_WARN_UNREACHABLE_CODE = YES;
				CLANG_WARN__DUPLICATE_METHOD_MATCH = YES;
				COPY_PHASE_STRIP = NO;
				DEBUG_INFORMATION_FORMAT = "dwarf-with-dsym";
				ENABLE_NS_ASSERTIONS = NO;
				ENABLE_STRICT_OBJC_MSGSEND = YES;
				GCC_C_LANGUAGE_STANDARD = gnu11;
				GCC_NO_COMMON_BLOCKS = YES;
				GCC_WARN_64_TO_32_BIT_CONVERSION = YES;
				GCC_WARN_ABOUT_RETURN_TYPE = YES_ERROR;
				GCC_WARN_UNDECLARED_SELECTOR = YES;
				GCC_WARN_UNINITIALIZED_AUTOS = YES_AGGRESSIVE;
				GCC_WARN_UNUSED_FUNCTION = YES;
				GCC_WARN_UNUSED_VARIABLE = YES;
				MACOSX_DEPLOYMENT_TARGET = 10.15;
				MTL_ENABLE_DEBUG_INFO = NO;
				MTL_FAST_MATH = YES;
				SDKROOT = macosx;
				SWIFT_COMPILATION_MODE = wholemodule;
				SWIFT_OPTIMIZATION_LEVEL = "-O";
			};
			name = Release;
		};
		43F37AAD2639FD0B00C0AFFF /* Debug */ = {
			isa = XCBuildConfiguration;
			buildSettings = {
				CODE_SIGN_IDENTITY = "-";
				CODE_SIGN_STYLE = Automatic;
				PRODUCT_NAME = "$(TARGET_NAME)";
				SWIFT_VERSION = 5.0;
			};
			name = Debug;
		};
		43F37AAE2639FD0B00C0AFFF /* Release */ = {
			isa = XCBuildConfiguration;
			buildSettings = {
				CODE_SIGN_IDENTITY = "-";
				CODE_SIGN_STYLE = Automatic;
				PRODUCT_NAME = "$(TARGET_NAME)";
				SWIFT_VERSION = 5.0;
			};
			name = Release;
		};
/* End XCBuildConfiguration section */

/* Begin XCConfigurationList section */
		43F37AA02639FD0B00C0AFFF /* Build configuration list for PBXProject "readgedcom" */ = {
			isa = XCConfigurationList;
			buildConfigurations = (
				43F37AAA2639FD0B00C0AFFF /* Debug */,
				43F37AAB2639FD0B00C0AFFF /* Release */,
			);
			defaultConfigurationIsVisible = 0;
			defaultConfigurationName = Release;
		};
		43F37AAC2639FD0B00C0AFFF /* Build configuration list for PBXNativeTarget "readgedcom" */ = {
			isa = XCConfigurationList;
			buildConfigurations = (
				43F37AAD2639FD0B00C0AFFF /* Debug */,
				43F37AAE2639FD0B00C0AFFF /* Release */,
			);
			defaultConfigurationIsVisible = 0;
			defaultConfigurationName = Release;
		};
/* End XCConfigurationList section */

/* Begin XCRemoteSwiftPackageReference section */
		43583837263B05EE0011EFDF /* XCRemoteSwiftPackageReference "StringUtilities" */ = {
			isa = XCRemoteSwiftPackageReference;
			repositoryURL = "https://github.com/Jim-Clarke/StringUtilities.git";
			requirement = {
				kind = upToNextMajorVersion;
				minimumVersion = 1.1.3;
			};
		};
		43F37AB02639FD7C00C0AFFF /* XCRemoteSwiftPackageReference "TextFileUtilities" */ = {
			isa = XCRemoteSwiftPackageReference;
			repositoryURL = "https://github.com/Jim-Clarke/TextFileUtilities.git";
			requirement = {
				kind = upToNextMajorVersion;
				minimumVersion = 1.0.3;
			};
		};
/* End XCRemoteSwiftPackageReference section */

/* Begin XCSwiftPackageProductDependency section */
		43583838263B05EE0011EFDF /* StringUtilities */ = {
			isa = XCSwiftPackageProductDependency;
			package = 43583837263B05EE0011EFDF /* XCRemoteSwiftPackageReference "StringUtilities" */;
			productName = StringUtilities;
		};
		43F37AB12639FD7C00C0AFFF /* TextFileUtilities */ = {
			isa = XCSwiftPackageProductDependency;
			package = 43F37AB02639FD7C00C0AFFF /* XCRemoteSwiftPackageReference "TextFileUtilities" */;
			productName = TextFileUtilities;
		};
/* End XCSwiftPackageProductDependency section */
	};
	rootObject = 43F37A9D2639FD0B00C0AFFF /* Project object */;
}
